// !$*UTF8*$!
{
	archiveVersion = 1;
	classes = {
	};
	objectVersion = 55;
	objects = {

/* Begin PBXBuildFile section */
		757876CF28E3031F00C8C96B /* URLSelector.swift in Sources */ = {isa = PBXBuildFile; fileRef = 757876CE28E3031F00C8C96B /* URLSelector.swift */; };
		757876D128E304DC00C8C96B /* VersionSwitch.swift in Sources */ = {isa = PBXBuildFile; fileRef = 757876D028E304DC00C8C96B /* VersionSwitch.swift */; };
		7581E79128D876E90004FE0A /* JavaVersionSwitchApp.swift in Sources */ = {isa = PBXBuildFile; fileRef = 7581E79028D876E90004FE0A /* JavaVersionSwitchApp.swift */; };
		7581E79328D876E90004FE0A /* ContentView.swift in Sources */ = {isa = PBXBuildFile; fileRef = 7581E79228D876E90004FE0A /* ContentView.swift */; };
		7581E79528D876EC0004FE0A /* Assets.xcassets in Resources */ = {isa = PBXBuildFile; fileRef = 7581E79428D876EC0004FE0A /* Assets.xcassets */; };
		7581E79828D876EC0004FE0A /* Preview Assets.xcassets in Resources */ = {isa = PBXBuildFile; fileRef = 7581E79728D876EC0004FE0A /* Preview Assets.xcassets */; };
		7581E79A28D876EC0004FE0A /* Persistence.swift in Sources */ = {isa = PBXBuildFile; fileRef = 7581E79928D876EC0004FE0A /* Persistence.swift */; };
		7581E79D28D876EC0004FE0A /* JavaVersionSwitch.xcdatamodeld in Sources */ = {isa = PBXBuildFile; fileRef = 7581E79B28D876EC0004FE0A /* JavaVersionSwitch.xcdatamodeld */; };
		7581E7A628D877480004FE0A /* JavaEnvironment.swift in Sources */ = {isa = PBXBuildFile; fileRef = 7581E7A528D877480004FE0A /* JavaEnvironment.swift */; };
		75D3E00928DB052000BC3FC3 /* Files.swift in Sources */ = {isa = PBXBuildFile; fileRef = 75D3E00828DB052000BC3FC3 /* Files.swift */; };
		75D3E00A28DB113000BC3FC3 /* Files.swift in Sources */ = {isa = PBXBuildFile; fileRef = 75D3E00828DB052000BC3FC3 /* Files.swift */; };
		75D3E00F28DB1FF400BC3FC3 /* JavaEnvironmentView.swift in Sources */ = {isa = PBXBuildFile; fileRef = 75D3E00E28DB1FF400BC3FC3 /* JavaEnvironmentView.swift */; };
		75D8E2A828DC795200F961FB /* MainView.swift in Sources */ = {isa = PBXBuildFile; fileRef = 75D8E2A728DC795200F961FB /* MainView.swift */; };
		F0FFDD2A28D8B61000B033B7 /* Log.swift in Sources */ = {isa = PBXBuildFile; fileRef = F0FFDD2928D8B61000B033B7 /* Log.swift */; };
		F0FFDD2C28D8B6AC00B033B7 /* Process.swift in Sources */ = {isa = PBXBuildFile; fileRef = F0FFDD2B28D8B6AC00B033B7 /* Process.swift */; };
		F0FFDD3428D8B6D900B033B7 /* JavaVersionSwitchTests.swift in Sources */ = {isa = PBXBuildFile; fileRef = F0FFDD3328D8B6D900B033B7 /* JavaVersionSwitchTests.swift */; };
		F0FFDD3D28D8B7DC00B033B7 /* Log.swift in Sources */ = {isa = PBXBuildFile; fileRef = F0FFDD2928D8B61000B033B7 /* Log.swift */; };
		F0FFDD3E28D8B7DC00B033B7 /* Process.swift in Sources */ = {isa = PBXBuildFile; fileRef = F0FFDD2B28D8B6AC00B033B7 /* Process.swift */; };
		F0FFDD3F28D8B7DC00B033B7 /* JavaEnvironment.swift in Sources */ = {isa = PBXBuildFile; fileRef = 7581E7A528D877480004FE0A /* JavaEnvironment.swift */; };
/* End PBXBuildFile section */

/* Begin PBXContainerItemProxy section */
		F0FFDD3528D8B6D900B033B7 /* PBXContainerItemProxy */ = {
			isa = PBXContainerItemProxy;
			containerPortal = 7581E78528D876E90004FE0A /* Project object */;
			proxyType = 1;
			remoteGlobalIDString = 7581E78C28D876E90004FE0A;
			remoteInfo = JavaVersionSwitch;
		};
/* End PBXContainerItemProxy section */

/* Begin PBXFileReference section */
		757876CE28E3031F00C8C96B /* URLSelector.swift */ = {isa = PBXFileReference; lastKnownFileType = sourcecode.swift; path = URLSelector.swift; sourceTree = "<group>"; };
		757876D028E304DC00C8C96B /* VersionSwitch.swift */ = {isa = PBXFileReference; lastKnownFileType = sourcecode.swift; path = VersionSwitch.swift; sourceTree = "<group>"; };
		7581E78D28D876E90004FE0A /* JavaVersionSwitch.app */ = {isa = PBXFileReference; explicitFileType = wrapper.application; includeInIndex = 0; path = JavaVersionSwitch.app; sourceTree = BUILT_PRODUCTS_DIR; };
		7581E79028D876E90004FE0A /* JavaVersionSwitchApp.swift */ = {isa = PBXFileReference; lastKnownFileType = sourcecode.swift; path = JavaVersionSwitchApp.swift; sourceTree = "<group>"; };
		7581E79228D876E90004FE0A /* ContentView.swift */ = {isa = PBXFileReference; lastKnownFileType = sourcecode.swift; path = ContentView.swift; sourceTree = "<group>"; };
		7581E79428D876EC0004FE0A /* Assets.xcassets */ = {isa = PBXFileReference; lastKnownFileType = folder.assetcatalog; path = Assets.xcassets; sourceTree = "<group>"; };
		7581E79728D876EC0004FE0A /* Preview Assets.xcassets */ = {isa = PBXFileReference; lastKnownFileType = folder.assetcatalog; path = "Preview Assets.xcassets"; sourceTree = "<group>"; };
		7581E79928D876EC0004FE0A /* Persistence.swift */ = {isa = PBXFileReference; lastKnownFileType = sourcecode.swift; path = Persistence.swift; sourceTree = "<group>"; };
		7581E79C28D876EC0004FE0A /* JavaVersionSwitch.xcdatamodel */ = {isa = PBXFileReference; lastKnownFileType = wrapper.xcdatamodel; path = JavaVersionSwitch.xcdatamodel; sourceTree = "<group>"; };
		7581E79E28D876EC0004FE0A /* JavaVersionSwitch.entitlements */ = {isa = PBXFileReference; lastKnownFileType = text.plist.entitlements; path = JavaVersionSwitch.entitlements; sourceTree = "<group>"; };
		7581E7A528D877480004FE0A /* JavaEnvironment.swift */ = {isa = PBXFileReference; lastKnownFileType = sourcecode.swift; path = JavaEnvironment.swift; sourceTree = "<group>"; };
		75D3E00828DB052000BC3FC3 /* Files.swift */ = {isa = PBXFileReference; lastKnownFileType = sourcecode.swift; path = Files.swift; sourceTree = "<group>"; };
		75D3E00E28DB1FF400BC3FC3 /* JavaEnvironmentView.swift */ = {isa = PBXFileReference; lastKnownFileType = sourcecode.swift; path = JavaEnvironmentView.swift; sourceTree = "<group>"; };
		75D8E2A728DC795200F961FB /* MainView.swift */ = {isa = PBXFileReference; lastKnownFileType = sourcecode.swift; path = MainView.swift; sourceTree = "<group>"; };
		F0FFDD2928D8B61000B033B7 /* Log.swift */ = {isa = PBXFileReference; lastKnownFileType = sourcecode.swift; path = Log.swift; sourceTree = "<group>"; };
		F0FFDD2B28D8B6AC00B033B7 /* Process.swift */ = {isa = PBXFileReference; lastKnownFileType = sourcecode.swift; path = Process.swift; sourceTree = "<group>"; };
		F0FFDD3128D8B6D900B033B7 /* JavaVersionSwitchTests.xctest */ = {isa = PBXFileReference; explicitFileType = wrapper.cfbundle; includeInIndex = 0; path = JavaVersionSwitchTests.xctest; sourceTree = BUILT_PRODUCTS_DIR; };
		F0FFDD3328D8B6D900B033B7 /* JavaVersionSwitchTests.swift */ = {isa = PBXFileReference; lastKnownFileType = sourcecode.swift; path = JavaVersionSwitchTests.swift; sourceTree = "<group>"; };
/* End PBXFileReference section */

/* Begin PBXFrameworksBuildPhase section */
		7581E78A28D876E90004FE0A /* Frameworks */ = {
			isa = PBXFrameworksBuildPhase;
			buildActionMask = 2147483647;
			files = (
			);
			runOnlyForDeploymentPostprocessing = 0;
		};
		F0FFDD2E28D8B6D900B033B7 /* Frameworks */ = {
			isa = PBXFrameworksBuildPhase;
			buildActionMask = 2147483647;
			files = (
			);
			runOnlyForDeploymentPostprocessing = 0;
		};
/* End PBXFrameworksBuildPhase section */

/* Begin PBXGroup section */
		7581E78428D876E90004FE0A = {
			isa = PBXGroup;
			children = (
				7581E78F28D876E90004FE0A /* JavaVersionSwitch */,
				F0FFDD3228D8B6D900B033B7 /* JavaVersionSwitchTests */,
				7581E78E28D876E90004FE0A /* Products */,
			);
			sourceTree = "<group>";
		};
		7581E78E28D876E90004FE0A /* Products */ = {
			isa = PBXGroup;
			children = (
				7581E78D28D876E90004FE0A /* JavaVersionSwitch.app */,
				F0FFDD3128D8B6D900B033B7 /* JavaVersionSwitchTests.xctest */,
			);
			name = Products;
			sourceTree = "<group>";
		};
		7581E78F28D876E90004FE0A /* JavaVersionSwitch */ = {
			isa = PBXGroup;
			children = (
				75D3E00B28DB1FD700BC3FC3 /* View */,
				F0FFDD2828D8B60A00B033B7 /* Util */,
				7581E7A428D8771E0004FE0A /* Core */,
				7581E79028D876E90004FE0A /* JavaVersionSwitchApp.swift */,
				7581E79228D876E90004FE0A /* ContentView.swift */,
				7581E79428D876EC0004FE0A /* Assets.xcassets */,
				7581E79928D876EC0004FE0A /* Persistence.swift */,
				7581E79E28D876EC0004FE0A /* JavaVersionSwitch.entitlements */,
				7581E79B28D876EC0004FE0A /* JavaVersionSwitch.xcdatamodeld */,
				7581E79628D876EC0004FE0A /* Preview Content */,
			);
			path = JavaVersionSwitch;
			sourceTree = "<group>";
		};
		7581E79628D876EC0004FE0A /* Preview Content */ = {
			isa = PBXGroup;
			children = (
				7581E79728D876EC0004FE0A /* Preview Assets.xcassets */,
			);
			path = "Preview Content";
			sourceTree = "<group>";
		};
		7581E7A428D8771E0004FE0A /* Core */ = {
			isa = PBXGroup;
			children = (
				7581E7A528D877480004FE0A /* JavaEnvironment.swift */,
				757876D028E304DC00C8C96B /* VersionSwitch.swift */,
			);
			path = Core;
			sourceTree = "<group>";
		};
		75D3E00B28DB1FD700BC3FC3 /* View */ = {
			isa = PBXGroup;
			children = (
				75D3E00E28DB1FF400BC3FC3 /* JavaEnvironmentView.swift */,
				75D8E2A728DC795200F961FB /* MainView.swift */,
				757876CE28E3031F00C8C96B /* URLSelector.swift */,
			);
			path = View;
			sourceTree = "<group>";
		};
		F0FFDD2828D8B60A00B033B7 /* Util */ = {
			isa = PBXGroup;
			children = (
				F0FFDD2928D8B61000B033B7 /* Log.swift */,
				75D3E00828DB052000BC3FC3 /* Files.swift */,
				F0FFDD2B28D8B6AC00B033B7 /* Process.swift */,
			);
			path = Util;
			sourceTree = "<group>";
		};
		F0FFDD3228D8B6D900B033B7 /* JavaVersionSwitchTests */ = {
			isa = PBXGroup;
			children = (
				F0FFDD3328D8B6D900B033B7 /* JavaVersionSwitchTests.swift */,
			);
			path = JavaVersionSwitchTests;
			sourceTree = "<group>";
		};
/* End PBXGroup section */

/* Begin PBXNativeTarget section */
		7581E78C28D876E90004FE0A /* JavaVersionSwitch */ = {
			isa = PBXNativeTarget;
			buildConfigurationList = 7581E7A128D876EC0004FE0A /* Build configuration list for PBXNativeTarget "JavaVersionSwitch" */;
			buildPhases = (
				7581E78928D876E90004FE0A /* Sources */,
				7581E78A28D876E90004FE0A /* Frameworks */,
				7581E78B28D876E90004FE0A /* Resources */,
			);
			buildRules = (
			);
			dependencies = (
			);
			name = JavaVersionSwitch;
			productName = JavaVersionSwitch;
			productReference = 7581E78D28D876E90004FE0A /* JavaVersionSwitch.app */;
			productType = "com.apple.product-type.application";
		};
		F0FFDD3028D8B6D900B033B7 /* JavaVersionSwitchTests */ = {
			isa = PBXNativeTarget;
			buildConfigurationList = F0FFDD3728D8B6D900B033B7 /* Build configuration list for PBXNativeTarget "JavaVersionSwitchTests" */;
			buildPhases = (
				F0FFDD2D28D8B6D900B033B7 /* Sources */,
				F0FFDD2E28D8B6D900B033B7 /* Frameworks */,
				F0FFDD2F28D8B6D900B033B7 /* Resources */,
			);
			buildRules = (
			);
			dependencies = (
				F0FFDD3628D8B6D900B033B7 /* PBXTargetDependency */,
			);
			name = JavaVersionSwitchTests;
			productName = JavaVersionSwitchTests;
			productReference = F0FFDD3128D8B6D900B033B7 /* JavaVersionSwitchTests.xctest */;
			productType = "com.apple.product-type.bundle.unit-test";
		};
/* End PBXNativeTarget section */

/* Begin PBXProject section */
		7581E78528D876E90004FE0A /* Project object */ = {
			isa = PBXProject;
			attributes = {
				BuildIndependentTargetsInParallel = 1;
				LastSwiftUpdateCheck = 1400;
				LastUpgradeCheck = 1400;
				TargetAttributes = {
					7581E78C28D876E90004FE0A = {
						CreatedOnToolsVersion = 13.4.1;
					};
					F0FFDD3028D8B6D900B033B7 = {
						CreatedOnToolsVersion = 14.0;
						TestTargetID = 7581E78C28D876E90004FE0A;
					};
				};
			};
			buildConfigurationList = 7581E78828D876E90004FE0A /* Build configuration list for PBXProject "JavaVersionSwitch" */;
			compatibilityVersion = "Xcode 13.0";
			developmentRegion = en;
			hasScannedForEncodings = 0;
			knownRegions = (
				en,
				Base,
			);
			mainGroup = 7581E78428D876E90004FE0A;
			productRefGroup = 7581E78E28D876E90004FE0A /* Products */;
			projectDirPath = "";
			projectRoot = "";
			targets = (
				7581E78C28D876E90004FE0A /* JavaVersionSwitch */,
				F0FFDD3028D8B6D900B033B7 /* JavaVersionSwitchTests */,
			);
		};
/* End PBXProject section */

/* Begin PBXResourcesBuildPhase section */
		7581E78B28D876E90004FE0A /* Resources */ = {
			isa = PBXResourcesBuildPhase;
			buildActionMask = 2147483647;
			files = (
				7581E79828D876EC0004FE0A /* Preview Assets.xcassets in Resources */,
				7581E79528D876EC0004FE0A /* Assets.xcassets in Resources */,
			);
			runOnlyForDeploymentPostprocessing = 0;
		};
		F0FFDD2F28D8B6D900B033B7 /* Resources */ = {
			isa = PBXResourcesBuildPhase;
			buildActionMask = 2147483647;
			files = (
			);
			runOnlyForDeploymentPostprocessing = 0;
		};
/* End PBXResourcesBuildPhase section */

/* Begin PBXSourcesBuildPhase section */
		7581E78928D876E90004FE0A /* Sources */ = {
			isa = PBXSourcesBuildPhase;
			buildActionMask = 2147483647;
			files = (
				7581E79D28D876EC0004FE0A /* JavaVersionSwitch.xcdatamodeld in Sources */,
				75D3E00F28DB1FF400BC3FC3 /* JavaEnvironmentView.swift in Sources */,
				7581E79A28D876EC0004FE0A /* Persistence.swift in Sources */,
				75D8E2A828DC795200F961FB /* MainView.swift in Sources */,
				F0FFDD2A28D8B61000B033B7 /* Log.swift in Sources */,
				75D3E00928DB052000BC3FC3 /* Files.swift in Sources */,
				757876CF28E3031F00C8C96B /* URLSelector.swift in Sources */,
				7581E79328D876E90004FE0A /* ContentView.swift in Sources */,
				7581E7A628D877480004FE0A /* JavaEnvironment.swift in Sources */,
				757876D128E304DC00C8C96B /* VersionSwitch.swift in Sources */,
				7581E79128D876E90004FE0A /* JavaVersionSwitchApp.swift in Sources */,
				F0FFDD2C28D8B6AC00B033B7 /* Process.swift in Sources */,
			);
			runOnlyForDeploymentPostprocessing = 0;
		};
		F0FFDD2D28D8B6D900B033B7 /* Sources */ = {
			isa = PBXSourcesBuildPhase;
			buildActionMask = 2147483647;
			files = (
				75D3E00A28DB113000BC3FC3 /* Files.swift in Sources */,
				F0FFDD3D28D8B7DC00B033B7 /* Log.swift in Sources */,
				F0FFDD3E28D8B7DC00B033B7 /* Process.swift in Sources */,
				F0FFDD3F28D8B7DC00B033B7 /* JavaEnvironment.swift in Sources */,
				F0FFDD3428D8B6D900B033B7 /* JavaVersionSwitchTests.swift in Sources */,
			);
			runOnlyForDeploymentPostprocessing = 0;
		};
/* End PBXSourcesBuildPhase section */

/* Begin PBXTargetDependency section */
		F0FFDD3628D8B6D900B033B7 /* PBXTargetDependency */ = {
			isa = PBXTargetDependency;
			target = 7581E78C28D876E90004FE0A /* JavaVersionSwitch */;
			targetProxy = F0FFDD3528D8B6D900B033B7 /* PBXContainerItemProxy */;
		};
/* End PBXTargetDependency section */

/* Begin XCBuildConfiguration section */
		7581E79F28D876EC0004FE0A /* Debug */ = {
			isa = XCBuildConfiguration;
			buildSettings = {
				ALWAYS_SEARCH_USER_PATHS = NO;
				CLANG_ANALYZER_NONNULL = YES;
				CLANG_ANALYZER_NUMBER_OBJECT_CONVERSION = YES_AGGRESSIVE;
				CLANG_CXX_LANGUAGE_STANDARD = "gnu++17";
				CLANG_ENABLE_MODULES = YES;
				CLANG_ENABLE_OBJC_ARC = YES;
				CLANG_ENABLE_OBJC_WEAK = YES;
				CLANG_WARN_BLOCK_CAPTURE_AUTORELEASING = YES;
				CLANG_WARN_BOOL_CONVERSION = YES;
				CLANG_WARN_COMMA = YES;
				CLANG_WARN_CONSTANT_CONVERSION = YES;
				CLANG_WARN_DEPRECATED_OBJC_IMPLEMENTATIONS = YES;
				CLANG_WARN_DIRECT_OBJC_ISA_USAGE = YES_ERROR;
				CLANG_WARN_DOCUMENTATION_COMMENTS = YES;
				CLANG_WARN_EMPTY_BODY = YES;
				CLANG_WARN_ENUM_CONVERSION = YES;
				CLANG_WARN_INFINITE_RECURSION = YES;
				CLANG_WARN_INT_CONVERSION = YES;
				CLANG_WARN_NON_LITERAL_NULL_CONVERSION = YES;
				CLANG_WARN_OBJC_IMPLICIT_RETAIN_SELF = YES;
				CLANG_WARN_OBJC_LITERAL_CONVERSION = YES;
				CLANG_WARN_OBJC_ROOT_CLASS = YES_ERROR;
				CLANG_WARN_QUOTED_INCLUDE_IN_FRAMEWORK_HEADER = YES;
				CLANG_WARN_RANGE_LOOP_ANALYSIS = YES;
				CLANG_WARN_STRICT_PROTOTYPES = YES;
				CLANG_WARN_SUSPICIOUS_MOVE = YES;
				CLANG_WARN_UNGUARDED_AVAILABILITY = YES_AGGRESSIVE;
				CLANG_WARN_UNREACHABLE_CODE = YES;
				CLANG_WARN__DUPLICATE_METHOD_MATCH = YES;
				COPY_PHASE_STRIP = NO;
				DEAD_CODE_STRIPPING = YES;
				DEBUG_INFORMATION_FORMAT = dwarf;
				ENABLE_STRICT_OBJC_MSGSEND = YES;
				ENABLE_TESTABILITY = YES;
				GCC_C_LANGUAGE_STANDARD = gnu11;
				GCC_DYNAMIC_NO_PIC = NO;
				GCC_NO_COMMON_BLOCKS = YES;
				GCC_OPTIMIZATION_LEVEL = 0;
				GCC_PREPROCESSOR_DEFINITIONS = (
					"DEBUG=1",
					"$(inherited)",
				);
				GCC_WARN_64_TO_32_BIT_CONVERSION = YES;
				GCC_WARN_ABOUT_RETURN_TYPE = YES_ERROR;
				GCC_WARN_UNDECLARED_SELECTOR = YES;
				GCC_WARN_UNINITIALIZED_AUTOS = YES_AGGRESSIVE;
				GCC_WARN_UNUSED_FUNCTION = YES;
				GCC_WARN_UNUSED_VARIABLE = YES;
				MACOSX_DEPLOYMENT_TARGET = 12.3;
				MTL_ENABLE_DEBUG_INFO = INCLUDE_SOURCE;
				MTL_FAST_MATH = YES;
				ONLY_ACTIVE_ARCH = YES;
				SDKROOT = macosx;
				SWIFT_ACTIVE_COMPILATION_CONDITIONS = DEBUG;
				SWIFT_OPTIMIZATION_LEVEL = "-Onone";
			};
			name = Debug;
		};
		7581E7A028D876EC0004FE0A /* Release */ = {
			isa = XCBuildConfiguration;
			buildSettings = {
				ALWAYS_SEARCH_USER_PATHS = NO;
				CLANG_ANALYZER_NONNULL = YES;
				CLANG_ANALYZER_NUMBER_OBJECT_CONVERSION = YES_AGGRESSIVE;
				CLANG_CXX_LANGUAGE_STANDARD = "gnu++17";
				CLANG_ENABLE_MODULES = YES;
				CLANG_ENABLE_OBJC_ARC = YES;
				CLANG_ENABLE_OBJC_WEAK = YES;
				CLANG_WARN_BLOCK_CAPTURE_AUTORELEASING = YES;
				CLANG_WARN_BOOL_CONVERSION = YES;
				CLANG_WARN_COMMA = YES;
				CLANG_WARN_CONSTANT_CONVERSION = YES;
				CLANG_WARN_DEPRECATED_OBJC_IMPLEMENTATIONS = YES;
				CLANG_WARN_DIRECT_OBJC_ISA_USAGE = YES_ERROR;
				CLANG_WARN_DOCUMENTATION_COMMENTS = YES;
				CLANG_WARN_EMPTY_BODY = YES;
				CLANG_WARN_ENUM_CONVERSION = YES;
				CLANG_WARN_INFINITE_RECURSION = YES;
				CLANG_WARN_INT_CONVERSION = YES;
				CLANG_WARN_NON_LITERAL_NULL_CONVERSION = YES;
				CLANG_WARN_OBJC_IMPLICIT_RETAIN_SELF = YES;
				CLANG_WARN_OBJC_LITERAL_CONVERSION = YES;
				CLANG_WARN_OBJC_ROOT_CLASS = YES_ERROR;
				CLANG_WARN_QUOTED_INCLUDE_IN_FRAMEWORK_HEADER = YES;
				CLANG_WARN_RANGE_LOOP_ANALYSIS = YES;
				CLANG_WARN_STRICT_PROTOTYPES = YES;
				CLANG_WARN_SUSPICIOUS_MOVE = YES;
				CLANG_WARN_UNGUARDED_AVAILABILITY = YES_AGGRESSIVE;
				CLANG_WARN_UNREACHABLE_CODE = YES;
				CLANG_WARN__DUPLICATE_METHOD_MATCH = YES;
				COPY_PHASE_STRIP = NO;
				DEAD_CODE_STRIPPING = YES;
				DEBUG_INFORMATION_FORMAT = "dwarf-with-dsym";
				ENABLE_NS_ASSERTIONS = NO;
				ENABLE_STRICT_OBJC_MSGSEND = YES;
				GCC_C_LANGUAGE_STANDARD = gnu11;
				GCC_NO_COMMON_BLOCKS = YES;
				GCC_WARN_64_TO_32_BIT_CONVERSION = YES;
				GCC_WARN_ABOUT_RETURN_TYPE = YES_ERROR;
				GCC_WARN_UNDECLARED_SELECTOR = YES;
				GCC_WARN_UNINITIALIZED_AUTOS = YES_AGGRESSIVE;
				GCC_WARN_UNUSED_FUNCTION = YES;
				GCC_WARN_UNUSED_VARIABLE = YES;
				MACOSX_DEPLOYMENT_TARGET = 12.3;
				MTL_ENABLE_DEBUG_INFO = NO;
				MTL_FAST_MATH = YES;
				SDKROOT = macosx;
				SWIFT_COMPILATION_MODE = wholemodule;
				SWIFT_OPTIMIZATION_LEVEL = "-O";
			};
			name = Release;
		};
		7581E7A228D876EC0004FE0A /* Debug */ = {
			isa = XCBuildConfiguration;
			buildSettings = {
				ASSETCATALOG_COMPILER_APPICON_NAME = AppIcon;
				ASSETCATALOG_COMPILER_GLOBAL_ACCENT_COLOR_NAME = AccentColor;
				CODE_SIGN_ENTITLEMENTS = JavaVersionSwitch/JavaVersionSwitch.entitlements;
				CODE_SIGN_IDENTITY = "-";
				"CODE_SIGN_IDENTITY[sdk=macosx*]" = "Apple Development";
				CODE_SIGN_STYLE = Automatic;
				COMBINE_HIDPI_IMAGES = YES;
				CURRENT_PROJECT_VERSION = 1;
				DEAD_CODE_STRIPPING = YES;
				DEVELOPMENT_ASSET_PATHS = "\"JavaVersionSwitch/Preview Content\"";
				DEVELOPMENT_TEAM = E29933B74S;
				ENABLE_HARDENED_RUNTIME = YES;
				ENABLE_PREVIEWS = YES;
				GENERATE_INFOPLIST_FILE = YES;
				INFOPLIST_KEY_NSHumanReadableCopyright = "";
				LD_RUNPATH_SEARCH_PATHS = (
					"$(inherited)",
					"@executable_path/../Frameworks",
				);
				MARKETING_VERSION = 1.0;
				PRODUCT_BUNDLE_IDENTIFIER = com.blabla.JavaVersionSwitch;
				PRODUCT_NAME = "$(TARGET_NAME)";
				SWIFT_EMIT_LOC_STRINGS = YES;
				SWIFT_VERSION = 5.0;
			};
			name = Debug;
		};
		7581E7A328D876EC0004FE0A /* Release */ = {
			isa = XCBuildConfiguration;
			buildSettings = {
				ASSETCATALOG_COMPILER_APPICON_NAME = AppIcon;
				ASSETCATALOG_COMPILER_GLOBAL_ACCENT_COLOR_NAME = AccentColor;
				CODE_SIGN_ENTITLEMENTS = JavaVersionSwitch/JavaVersionSwitch.entitlements;
				CODE_SIGN_IDENTITY = "-";
				"CODE_SIGN_IDENTITY[sdk=macosx*]" = "Apple Development";
				CODE_SIGN_STYLE = Automatic;
				COMBINE_HIDPI_IMAGES = YES;
				CURRENT_PROJECT_VERSION = 1;
				DEAD_CODE_STRIPPING = YES;
				DEVELOPMENT_ASSET_PATHS = "\"JavaVersionSwitch/Preview Content\"";
				DEVELOPMENT_TEAM = E29933B74S;
				ENABLE_HARDENED_RUNTIME = YES;
				ENABLE_PREVIEWS = YES;
				GENERATE_INFOPLIST_FILE = YES;
				INFOPLIST_KEY_NSHumanReadableCopyright = "";
				LD_RUNPATH_SEARCH_PATHS = (
					"$(inherited)",
					"@executable_path/../Frameworks",
				);
				MARKETING_VERSION = 1.0;
				PRODUCT_BUNDLE_IDENTIFIER = com.blabla.JavaVersionSwitch;
				PRODUCT_NAME = "$(TARGET_NAME)";
				SWIFT_EMIT_LOC_STRINGS = YES;
				SWIFT_VERSION = 5.0;
			};
			name = Release;
		};
		F0FFDD3828D8B6D900B033B7 /* Debug */ = {
			isa = XCBuildConfiguration;
			buildSettings = {
				BUNDLE_LOADER = "$(TEST_HOST)";
				CLANG_CXX_LANGUAGE_STANDARD = "gnu++20";
				CODE_SIGN_STYLE = Automatic;
				CURRENT_PROJECT_VERSION = 1;
				DEAD_CODE_STRIPPING = YES;
				DEVELOPMENT_TEAM = E29933B74S;
				GENERATE_INFOPLIST_FILE = YES;
				MARKETING_VERSION = 1.0;
				PRODUCT_BUNDLE_IDENTIFIER = com.blabla.JavaVersionSwitchTests;
				PRODUCT_NAME = "$(TARGET_NAME)";
				SWIFT_EMIT_LOC_STRINGS = NO;
				SWIFT_VERSION = 5.0;
				TEST_HOST = "$(BUILT_PRODUCTS_DIR)/JavaVersionSwitch.app/$(BUNDLE_EXECUTABLE_FOLDER_PATH)/JavaVersionSwitch";
			};
			name = Debug;
		};
		F0FFDD3928D8B6D900B033B7 /* Release */ = {
			isa = XCBuildConfiguration;
			buildSettings = {
				BUNDLE_LOADER = "$(TEST_HOST)";
				CLANG_CXX_LANGUAGE_STANDARD = "gnu++20";
				CODE_SIGN_STYLE = Automatic;
				CURRENT_PROJECT_VERSION = 1;
				DEAD_CODE_STRIPPING = YES;
				DEVELOPMENT_TEAM = E29933B74S;
				GENERATE_INFOPLIST_FILE = YES;
				MARKETING_VERSION = 1.0;
				PRODUCT_BUNDLE_IDENTIFIER = com.blabla.JavaVersionSwitchTests;
				PRODUCT_NAME = "$(TARGET_NAME)";
				SWIFT_EMIT_LOC_STRINGS = NO;
				SWIFT_VERSION = 5.0;
				TEST_HOST = "$(BUILT_PRODUCTS_DIR)/JavaVersionSwitch.app/$(BUNDLE_EXECUTABLE_FOLDER_PATH)/JavaVersionSwitch";
			};
			name = Release;
		};
/* End XCBuildConfiguration section */

/* Begin XCConfigurationList section */
		7581E78828D876E90004FE0A /* Build configuration list for PBXProject "JavaVersionSwitch" */ = {
			isa = XCConfigurationList;
			buildConfigurations = (
				7581E79F28D876EC0004FE0A /* Debug */,
				7581E7A028D876EC0004FE0A /* Release */,
			);
			defaultConfigurationIsVisible = 0;
			defaultConfigurationName = Release;
		};
		7581E7A128D876EC0004FE0A /* Build configuration list for PBXNativeTarget "JavaVersionSwitch" */ = {
			isa = XCConfigurationList;
			buildConfigurations = (
				7581E7A228D876EC0004FE0A /* Debug */,
				7581E7A328D876EC0004FE0A /* Release */,
			);
			defaultConfigurationIsVisible = 0;
			defaultConfigurationName = Release;
		};
		F0FFDD3728D8B6D900B033B7 /* Build configuration list for PBXNativeTarget "JavaVersionSwitchTests" */ = {
			isa = XCConfigurationList;
			buildConfigurations = (
				F0FFDD3828D8B6D900B033B7 /* Debug */,
				F0FFDD3928D8B6D900B033B7 /* Release */,
			);
			defaultConfigurationIsVisible = 0;
			defaultConfigurationName = Release;
		};
/* End XCConfigurationList section */

/* Begin XCVersionGroup section */
		7581E79B28D876EC0004FE0A /* JavaVersionSwitch.xcdatamodeld */ = {
			isa = XCVersionGroup;
			children = (
				7581E79C28D876EC0004FE0A /* JavaVersionSwitch.xcdatamodel */,
			);
			currentVersion = 7581E79C28D876EC0004FE0A /* JavaVersionSwitch.xcdatamodel */;
			path = JavaVersionSwitch.xcdatamodeld;
			sourceTree = "<group>";
			versionGroupType = wrapper.xcdatamodel;
		};
/* End XCVersionGroup section */
	};
	rootObject = 7581E78528D876E90004FE0A /* Project object */;
}
